// !$*UTF8*$!
{
	archiveVersion = 1;
	classes = {
	};
	objectVersion = 48;
	objects = {

/* Begin PBXBuildFile section */
		2DB931533D52E8D89AAA709D /* libPods-Astro POCTests.a in Frameworks */ = {isa = PBXBuildFile; fileRef = BC7F224C54C088D3DB347FCF /* libPods-Astro POCTests.a */; };
		3550BE931F7AAF5E00CEC872 /* Application.m in Sources */ = {isa = PBXBuildFile; fileRef = 35562F421F79487500BD50B4 /* Application.m */; };
		3550BE941F7AAF6100CEC872 /* Connector.m in Sources */ = {isa = PBXBuildFile; fileRef = 35562F491F79487600BD50B4 /* Connector.m */; };
		3550BE951F7AAF6400CEC872 /* DataParsers.m in Sources */ = {isa = PBXBuildFile; fileRef = 35562F471F79487600BD50B4 /* DataParsers.m */; };
		3550BE961F7AAF6800CEC872 /* Persistence.m in Sources */ = {isa = PBXBuildFile; fileRef = 35562F461F79487600BD50B4 /* Persistence.m */; };
		3550BE971F7AAF6A00CEC872 /* Presentation.m in Sources */ = {isa = PBXBuildFile; fileRef = 35562F3E1F79487500BD50B4 /* Presentation.m */; };
		3550BE981F7AAF6E00CEC872 /* Services.m in Sources */ = {isa = PBXBuildFile; fileRef = 35562F3D1F79487500BD50B4 /* Services.m */; };
		3550BE991F7AAF7500CEC872 /* APIConnector.m in Sources */ = {isa = PBXBuildFile; fileRef = 35562F561F79490900BD50B4 /* APIConnector.m */; };
		3550BE9A1F7AAF7B00CEC872 /* GetChannelListService.m in Sources */ = {isa = PBXBuildFile; fileRef = 3550BE5F1F796A4A00CEC872 /* GetChannelListService.m */; };
		3550BE9B1F7AAFDA00CEC872 /* Configurations.plist in Resources */ = {isa = PBXBuildFile; fileRef = 35562F591F79490900BD50B4 /* Configurations.plist */; };
		3550BE9C1F7AAFE200CEC872 /* StatusCodes.m in Sources */ = {isa = PBXBuildFile; fileRef = 35562F601F79490900BD50B4 /* StatusCodes.m */; };
		3550BE9D1F7AAFEE00CEC872 /* AlertHelper.m in Sources */ = {isa = PBXBuildFile; fileRef = 35562F631F79494400BD50B4 /* AlertHelper.m */; };
		3550BE9E1F7AAFF100CEC872 /* BaseURL.m in Sources */ = {isa = PBXBuildFile; fileRef = 35562F651F79494400BD50B4 /* BaseURL.m */; };
		3550BE9F1F7AAFF800CEC872 /* CommonDateUtils.m in Sources */ = {isa = PBXBuildFile; fileRef = 35562F671F79494400BD50B4 /* CommonDateUtils.m */; };
		3550BEA01F7AAFFB00CEC872 /* CommonNumberUtil.m in Sources */ = {isa = PBXBuildFile; fileRef = 35562F691F79494400BD50B4 /* CommonNumberUtil.m */; };
		3550BEA11F7AAFFF00CEC872 /* DateUtils.m in Sources */ = {isa = PBXBuildFile; fileRef = 35562F6B1F79494400BD50B4 /* DateUtils.m */; };
		3550BEA31F7AB00600CEC872 /* ErrorHelper.m in Sources */ = {isa = PBXBuildFile; fileRef = 35562F6F1F79494400BD50B4 /* ErrorHelper.m */; };
		3550BEA51F7AB00C00CEC872 /* JSONParser.m in Sources */ = {isa = PBXBuildFile; fileRef = 35562F731F79494400BD50B4 /* JSONParser.m */; };
		3550BEA61F7AB01000CEC872 /* NSData+Base64.m in Sources */ = {isa = PBXBuildFile; fileRef = 35562F751F79494400BD50B4 /* NSData+Base64.m */; };
		3550BEA71F7AB01300CEC872 /* PlaceHolderTextField.m in Sources */ = {isa = PBXBuildFile; fileRef = 35562F771F79494400BD50B4 /* PlaceHolderTextField.m */; };
		3550BEA91F7AB01B00CEC872 /* ChannelListStorage.m in Sources */ = {isa = PBXBuildFile; fileRef = 3550BE5A1F79614A00CEC872 /* ChannelListStorage.m */; };
		3550BEAC1F7AB9C700CEC872 /* ChannelTableViewCell.m in Sources */ = {isa = PBXBuildFile; fileRef = 3550BEAB1F7AB9C700CEC872 /* ChannelTableViewCell.m */; };
		3550BEB11F7ACA0600CEC872 /* ChannelListParser.m in Sources */ = {isa = PBXBuildFile; fileRef = 3550BEB01F7ACA0600CEC872 /* ChannelListParser.m */; };
		3550BEB51F7ACA5700CEC872 /* ChannelList.m in Sources */ = {isa = PBXBuildFile; fileRef = 3550BEB41F7ACA5700CEC872 /* ChannelList.m */; };
		35562F0C1F7947E000BD50B4 /* AppDelegate.m in Sources */ = {isa = PBXBuildFile; fileRef = 35562F0B1F7947E000BD50B4 /* AppDelegate.m */; };
		35562F121F7947E000BD50B4 /* Main.storyboard in Resources */ = {isa = PBXBuildFile; fileRef = 35562F101F7947E000BD50B4 /* Main.storyboard */; };
		35562F141F7947E000BD50B4 /* Assets.xcassets in Resources */ = {isa = PBXBuildFile; fileRef = 35562F131F7947E000BD50B4 /* Assets.xcassets */; };
		35562F171F7947E000BD50B4 /* LaunchScreen.storyboard in Resources */ = {isa = PBXBuildFile; fileRef = 35562F151F7947E000BD50B4 /* LaunchScreen.storyboard */; };
		35562F1A1F7947E000BD50B4 /* main.m in Sources */ = {isa = PBXBuildFile; fileRef = 35562F191F7947E000BD50B4 /* main.m */; };
		35562F241F7947E000BD50B4 /* Astro_POCTests.m in Sources */ = {isa = PBXBuildFile; fileRef = 35562F231F7947E000BD50B4 /* Astro_POCTests.m */; };
		35562F2F1F7947E000BD50B4 /* Astro_POCUITests.m in Sources */ = {isa = PBXBuildFile; fileRef = 35562F2E1F7947E000BD50B4 /* Astro_POCUITests.m */; };
		35562F8D1F794D4F00BD50B4 /* HomeViewController.m in Sources */ = {isa = PBXBuildFile; fileRef = 35562F8C1F794D4F00BD50B4 /* HomeViewController.m */; };
		558013847A0BA7B390553CBD /* libPods-Astro POC.a in Frameworks */ = {isa = PBXBuildFile; fileRef = B4A38324CE187482CE9E3CAC /* libPods-Astro POC.a */; };
		89AB7884D422B7BE622A3D15 /* libPods-Astro POCUITests.a in Frameworks */ = {isa = PBXBuildFile; fileRef = 0A6EA8B983835EAAC0C36F0B /* libPods-Astro POCUITests.a */; };
/* End PBXBuildFile section */

/* Begin PBXContainerItemProxy section */
		35562F201F7947E000BD50B4 /* PBXContainerItemProxy */ = {
			isa = PBXContainerItemProxy;
			containerPortal = 35562EFF1F7947E000BD50B4 /* Project object */;
			proxyType = 1;
			remoteGlobalIDString = 35562F061F7947E000BD50B4;
			remoteInfo = "Astro POC";
		};
		35562F2B1F7947E000BD50B4 /* PBXContainerItemProxy */ = {
			isa = PBXContainerItemProxy;
			containerPortal = 35562EFF1F7947E000BD50B4 /* Project object */;
			proxyType = 1;
			remoteGlobalIDString = 35562F061F7947E000BD50B4;
			remoteInfo = "Astro POC";
		};
/* End PBXContainerItemProxy section */

/* Begin PBXFileReference section */
		0943D634BC7386CF797CE809 /* Pods-Astro POCTests.release.xcconfig */ = {isa = PBXFileReference; includeInIndex = 1; lastKnownFileType = text.xcconfig; name = "Pods-Astro POCTests.release.xcconfig"; path = "Pods/Target Support Files/Pods-Astro POCTests/Pods-Astro POCTests.release.xcconfig"; sourceTree = "<group>"; };
		0A6EA8B983835EAAC0C36F0B /* libPods-Astro POCUITests.a */ = {isa = PBXFileReference; explicitFileType = archive.ar; includeInIndex = 0; path = "libPods-Astro POCUITests.a"; sourceTree = BUILT_PRODUCTS_DIR; };
		2B324F20A8B9C66AA784AFFF /* Pods-Astro POCUITests.release.xcconfig */ = {isa = PBXFileReference; includeInIndex = 1; lastKnownFileType = text.xcconfig; name = "Pods-Astro POCUITests.release.xcconfig"; path = "Pods/Target Support Files/Pods-Astro POCUITests/Pods-Astro POCUITests.release.xcconfig"; sourceTree = "<group>"; };
		3550BE5A1F79614A00CEC872 /* ChannelListStorage.m */ = {isa = PBXFileReference; lastKnownFileType = sourcecode.c.objc; path = ChannelListStorage.m; sourceTree = "<group>"; };
		3550BE5B1F79614A00CEC872 /* ChannelListStorage.h */ = {isa = PBXFileReference; lastKnownFileType = sourcecode.c.h; path = ChannelListStorage.h; sourceTree = "<group>"; };
		3550BE5C1F79614A00CEC872 /* IChannelListStorage.h */ = {isa = PBXFileReference; lastKnownFileType = sourcecode.c.h; path = IChannelListStorage.h; sourceTree = "<group>"; };
		3550BE5E1F796A4A00CEC872 /* GetChannelListService.h */ = {isa = PBXFileReference; lastKnownFileType = sourcecode.c.h; path = GetChannelListService.h; sourceTree = "<group>"; };
		3550BE5F1F796A4A00CEC872 /* GetChannelListService.m */ = {isa = PBXFileReference; lastKnownFileType = sourcecode.c.objc; path = GetChannelListService.m; sourceTree = "<group>"; };
		3550BE601F796A4A00CEC872 /* IGetChannelListService.h */ = {isa = PBXFileReference; lastKnownFileType = sourcecode.c.h; path = IGetChannelListService.h; sourceTree = "<group>"; };
		3550BEAA1F7AB9C700CEC872 /* ChannelTableViewCell.h */ = {isa = PBXFileReference; lastKnownFileType = sourcecode.c.h; path = ChannelTableViewCell.h; sourceTree = "<group>"; };
		3550BEAB1F7AB9C700CEC872 /* ChannelTableViewCell.m */ = {isa = PBXFileReference; lastKnownFileType = sourcecode.c.objc; path = ChannelTableViewCell.m; sourceTree = "<group>"; };
		3550BEAE1F7AC9D700CEC872 /* IDataParser.h */ = {isa = PBXFileReference; lastKnownFileType = sourcecode.c.h; path = IDataParser.h; sourceTree = "<group>"; };
		3550BEAF1F7ACA0600CEC872 /* ChannelListParser.h */ = {isa = PBXFileReference; lastKnownFileType = sourcecode.c.h; path = ChannelListParser.h; sourceTree = "<group>"; };
		3550BEB01F7ACA0600CEC872 /* ChannelListParser.m */ = {isa = PBXFileReference; lastKnownFileType = sourcecode.c.objc; path = ChannelListParser.m; sourceTree = "<group>"; };
		3550BEB31F7ACA5700CEC872 /* ChannelList.h */ = {isa = PBXFileReference; lastKnownFileType = sourcecode.c.h; path = ChannelList.h; sourceTree = "<group>"; };
		3550BEB41F7ACA5700CEC872 /* ChannelList.m */ = {isa = PBXFileReference; lastKnownFileType = sourcecode.c.objc; path = ChannelList.m; sourceTree = "<group>"; };
		35562F071F7947E000BD50B4 /* Astro POC.app */ = {isa = PBXFileReference; explicitFileType = wrapper.application; includeInIndex = 0; path = "Astro POC.app"; sourceTree = BUILT_PRODUCTS_DIR; };
		35562F0A1F7947E000BD50B4 /* AppDelegate.h */ = {isa = PBXFileReference; lastKnownFileType = sourcecode.c.h; path = AppDelegate.h; sourceTree = "<group>"; };
		35562F0B1F7947E000BD50B4 /* AppDelegate.m */ = {isa = PBXFileReference; lastKnownFileType = sourcecode.c.objc; path = AppDelegate.m; sourceTree = "<group>"; };
		35562F111F7947E000BD50B4 /* Base */ = {isa = PBXFileReference; lastKnownFileType = file.storyboard; name = Base; path = Base.lproj/Main.storyboard; sourceTree = "<group>"; };
		35562F131F7947E000BD50B4 /* Assets.xcassets */ = {isa = PBXFileReference; lastKnownFileType = folder.assetcatalog; path = Assets.xcassets; sourceTree = "<group>"; };
		35562F161F7947E000BD50B4 /* Base */ = {isa = PBXFileReference; lastKnownFileType = file.storyboard; name = Base; path = Base.lproj/LaunchScreen.storyboard; sourceTree = "<group>"; };
		35562F181F7947E000BD50B4 /* Info.plist */ = {isa = PBXFileReference; lastKnownFileType = text.plist.xml; path = Info.plist; sourceTree = "<group>"; };
		35562F191F7947E000BD50B4 /* main.m */ = {isa = PBXFileReference; lastKnownFileType = sourcecode.c.objc; path = main.m; sourceTree = "<group>"; };
		35562F1F1F7947E000BD50B4 /* Astro POCTests.xctest */ = {isa = PBXFileReference; explicitFileType = wrapper.cfbundle; includeInIndex = 0; path = "Astro POCTests.xctest"; sourceTree = BUILT_PRODUCTS_DIR; };
		35562F231F7947E000BD50B4 /* Astro_POCTests.m */ = {isa = PBXFileReference; lastKnownFileType = sourcecode.c.objc; path = Astro_POCTests.m; sourceTree = "<group>"; };
		35562F251F7947E000BD50B4 /* Info.plist */ = {isa = PBXFileReference; lastKnownFileType = text.plist.xml; path = Info.plist; sourceTree = "<group>"; };
		35562F2A1F7947E000BD50B4 /* Astro POCUITests.xctest */ = {isa = PBXFileReference; explicitFileType = wrapper.cfbundle; includeInIndex = 0; path = "Astro POCUITests.xctest"; sourceTree = BUILT_PRODUCTS_DIR; };
		35562F2E1F7947E000BD50B4 /* Astro_POCUITests.m */ = {isa = PBXFileReference; lastKnownFileType = sourcecode.c.objc; path = Astro_POCUITests.m; sourceTree = "<group>"; };
		35562F301F7947E000BD50B4 /* Info.plist */ = {isa = PBXFileReference; lastKnownFileType = text.plist.xml; path = Info.plist; sourceTree = "<group>"; };
		35562F3D1F79487500BD50B4 /* Services.m */ = {isa = PBXFileReference; lastKnownFileType = sourcecode.c.objc; path = Services.m; sourceTree = "<group>"; };
		35562F3E1F79487500BD50B4 /* Presentation.m */ = {isa = PBXFileReference; lastKnownFileType = sourcecode.c.objc; path = Presentation.m; sourceTree = "<group>"; };
		35562F3F1F79487500BD50B4 /* Application.h */ = {isa = PBXFileReference; lastKnownFileType = sourcecode.c.h; path = Application.h; sourceTree = "<group>"; };
		35562F401F79487500BD50B4 /* DataParsers.h */ = {isa = PBXFileReference; lastKnownFileType = sourcecode.c.h; path = DataParsers.h; sourceTree = "<group>"; };
		35562F411F79487500BD50B4 /* Presentation.h */ = {isa = PBXFileReference; lastKnownFileType = sourcecode.c.h; path = Presentation.h; sourceTree = "<group>"; };
		35562F421F79487500BD50B4 /* Application.m */ = {isa = PBXFileReference; lastKnownFileType = sourcecode.c.objc; path = Application.m; sourceTree = "<group>"; };
		35562F431F79487500BD50B4 /* IAPIConnectorProvider.h */ = {isa = PBXFileReference; lastKnownFileType = sourcecode.c.h; path = IAPIConnectorProvider.h; sourceTree = "<group>"; };
		35562F441F79487500BD50B4 /* Connector.h */ = {isa = PBXFileReference; lastKnownFileType = sourcecode.c.h; path = Connector.h; sourceTree = "<group>"; };
		35562F451F79487600BD50B4 /* Persistence.h */ = {isa = PBXFileReference; lastKnownFileType = sourcecode.c.h; path = Persistence.h; sourceTree = "<group>"; };
		35562F461F79487600BD50B4 /* Persistence.m */ = {isa = PBXFileReference; lastKnownFileType = sourcecode.c.objc; path = Persistence.m; sourceTree = "<group>"; };
		35562F471F79487600BD50B4 /* DataParsers.m */ = {isa = PBXFileReference; lastKnownFileType = sourcecode.c.objc; path = DataParsers.m; sourceTree = "<group>"; };
		35562F481F79487600BD50B4 /* IRealmProvider.h */ = {isa = PBXFileReference; lastKnownFileType = sourcecode.c.h; path = IRealmProvider.h; sourceTree = "<group>"; };
		35562F491F79487600BD50B4 /* Connector.m */ = {isa = PBXFileReference; lastKnownFileType = sourcecode.c.objc; path = Connector.m; sourceTree = "<group>"; };
		35562F4A1F79487600BD50B4 /* Services.h */ = {isa = PBXFileReference; lastKnownFileType = sourcecode.c.h; path = Services.h; sourceTree = "<group>"; };
		35562F551F79490900BD50B4 /* APIConnector.h */ = {isa = PBXFileReference; lastKnownFileType = sourcecode.c.h; path = APIConnector.h; sourceTree = "<group>"; };
		35562F561F79490900BD50B4 /* APIConnector.m */ = {isa = PBXFileReference; lastKnownFileType = sourcecode.c.objc; path = APIConnector.m; sourceTree = "<group>"; };
		35562F571F79490900BD50B4 /* IAPIConnector.h */ = {isa = PBXFileReference; lastKnownFileType = sourcecode.c.h; path = IAPIConnector.h; sourceTree = "<group>"; };
		35562F591F79490900BD50B4 /* Configurations.plist */ = {isa = PBXFileReference; lastKnownFileType = text.plist.xml; path = Configurations.plist; sourceTree = "<group>"; };
		35562F5F1F79490900BD50B4 /* StatusCodes.h */ = {isa = PBXFileReference; lastKnownFileType = sourcecode.c.h; path = StatusCodes.h; sourceTree = "<group>"; };
		35562F601F79490900BD50B4 /* StatusCodes.m */ = {isa = PBXFileReference; lastKnownFileType = sourcecode.c.objc; path = StatusCodes.m; sourceTree = "<group>"; };
		35562F621F79494400BD50B4 /* AlertHelper.h */ = {isa = PBXFileReference; lastKnownFileType = sourcecode.c.h; path = AlertHelper.h; sourceTree = "<group>"; };
		35562F631F79494400BD50B4 /* AlertHelper.m */ = {isa = PBXFileReference; lastKnownFileType = sourcecode.c.objc; path = AlertHelper.m; sourceTree = "<group>"; };
		35562F641F79494400BD50B4 /* BaseURL.h */ = {isa = PBXFileReference; lastKnownFileType = sourcecode.c.h; path = BaseURL.h; sourceTree = "<group>"; };
		35562F651F79494400BD50B4 /* BaseURL.m */ = {isa = PBXFileReference; lastKnownFileType = sourcecode.c.objc; path = BaseURL.m; sourceTree = "<group>"; };
		35562F661F79494400BD50B4 /* CommonDateUtils.h */ = {isa = PBXFileReference; lastKnownFileType = sourcecode.c.h; path = CommonDateUtils.h; sourceTree = "<group>"; };
		35562F671F79494400BD50B4 /* CommonDateUtils.m */ = {isa = PBXFileReference; lastKnownFileType = sourcecode.c.objc; path = CommonDateUtils.m; sourceTree = "<group>"; };
		35562F681F79494400BD50B4 /* CommonNumberUtil.h */ = {isa = PBXFileReference; lastKnownFileType = sourcecode.c.h; path = CommonNumberUtil.h; sourceTree = "<group>"; };
		35562F691F79494400BD50B4 /* CommonNumberUtil.m */ = {isa = PBXFileReference; lastKnownFileType = sourcecode.c.objc; path = CommonNumberUtil.m; sourceTree = "<group>"; };
		35562F6A1F79494400BD50B4 /* DateUtils.h */ = {isa = PBXFileReference; lastKnownFileType = sourcecode.c.h; path = DateUtils.h; sourceTree = "<group>"; };
		35562F6B1F79494400BD50B4 /* DateUtils.m */ = {isa = PBXFileReference; lastKnownFileType = sourcecode.c.objc; path = DateUtils.m; sourceTree = "<group>"; };
		35562F6E1F79494400BD50B4 /* ErrorHelper.h */ = {isa = PBXFileReference; lastKnownFileType = sourcecode.c.h; path = ErrorHelper.h; sourceTree = "<group>"; };
		35562F6F1F79494400BD50B4 /* ErrorHelper.m */ = {isa = PBXFileReference; lastKnownFileType = sourcecode.c.objc; path = ErrorHelper.m; sourceTree = "<group>"; };
		35562F721F79494400BD50B4 /* JSONParser.h */ = {isa = PBXFileReference; lastKnownFileType = sourcecode.c.h; path = JSONParser.h; sourceTree = "<group>"; };
		35562F731F79494400BD50B4 /* JSONParser.m */ = {isa = PBXFileReference; lastKnownFileType = sourcecode.c.objc; path = JSONParser.m; sourceTree = "<group>"; };
		35562F741F79494400BD50B4 /* NSData+Base64.h */ = {isa = PBXFileReference; lastKnownFileType = sourcecode.c.h; path = "NSData+Base64.h"; sourceTree = "<group>"; };
		35562F751F79494400BD50B4 /* NSData+Base64.m */ = {isa = PBXFileReference; lastKnownFileType = sourcecode.c.objc; path = "NSData+Base64.m"; sourceTree = "<group>"; };
		35562F761F79494400BD50B4 /* PlaceHolderTextField.h */ = {isa = PBXFileReference; lastKnownFileType = sourcecode.c.h; path = PlaceHolderTextField.h; sourceTree = "<group>"; };
		35562F771F79494400BD50B4 /* PlaceHolderTextField.m */ = {isa = PBXFileReference; lastKnownFileType = sourcecode.c.objc; path = PlaceHolderTextField.m; sourceTree = "<group>"; };
		35562F8B1F794D4F00BD50B4 /* HomeViewController.h */ = {isa = PBXFileReference; lastKnownFileType = sourcecode.c.h; path = HomeViewController.h; sourceTree = "<group>"; };
		35562F8C1F794D4F00BD50B4 /* HomeViewController.m */ = {isa = PBXFileReference; lastKnownFileType = sourcecode.c.objc; path = HomeViewController.m; sourceTree = "<group>"; };
		63D4281391A2875AEC6A5865 /* Pods-Astro POCTests.debug.xcconfig */ = {isa = PBXFileReference; includeInIndex = 1; lastKnownFileType = text.xcconfig; name = "Pods-Astro POCTests.debug.xcconfig"; path = "Pods/Target Support Files/Pods-Astro POCTests/Pods-Astro POCTests.debug.xcconfig"; sourceTree = "<group>"; };
		939B44DE8AC5B616482DFF81 /* Pods-Astro POC.release.xcconfig */ = {isa = PBXFileReference; includeInIndex = 1; lastKnownFileType = text.xcconfig; name = "Pods-Astro POC.release.xcconfig"; path = "Pods/Target Support Files/Pods-Astro POC/Pods-Astro POC.release.xcconfig"; sourceTree = "<group>"; };
		B4A38324CE187482CE9E3CAC /* libPods-Astro POC.a */ = {isa = PBXFileReference; explicitFileType = archive.ar; includeInIndex = 0; path = "libPods-Astro POC.a"; sourceTree = BUILT_PRODUCTS_DIR; };
		BC7F224C54C088D3DB347FCF /* libPods-Astro POCTests.a */ = {isa = PBXFileReference; explicitFileType = archive.ar; includeInIndex = 0; path = "libPods-Astro POCTests.a"; sourceTree = BUILT_PRODUCTS_DIR; };
		C4FDD74BCAA5D51184773F67 /* Pods-Astro POC.debug.xcconfig */ = {isa = PBXFileReference; includeInIndex = 1; lastKnownFileType = text.xcconfig; name = "Pods-Astro POC.debug.xcconfig"; path = "Pods/Target Support Files/Pods-Astro POC/Pods-Astro POC.debug.xcconfig"; sourceTree = "<group>"; };
		D60C553BD9C3BB22C2578DD3 /* Pods-Astro POCUITests.debug.xcconfig */ = {isa = PBXFileReference; includeInIndex = 1; lastKnownFileType = text.xcconfig; name = "Pods-Astro POCUITests.debug.xcconfig"; path = "Pods/Target Support Files/Pods-Astro POCUITests/Pods-Astro POCUITests.debug.xcconfig"; sourceTree = "<group>"; };
/* End PBXFileReference section */

/* Begin PBXFrameworksBuildPhase section */
		35562F041F7947E000BD50B4 /* Frameworks */ = {
			isa = PBXFrameworksBuildPhase;
			buildActionMask = 2147483647;
			files = (
				558013847A0BA7B390553CBD /* libPods-Astro POC.a in Frameworks */,
			);
			runOnlyForDeploymentPostprocessing = 0;
		};
		35562F1C1F7947E000BD50B4 /* Frameworks */ = {
			isa = PBXFrameworksBuildPhase;
			buildActionMask = 2147483647;
			files = (
				2DB931533D52E8D89AAA709D /* libPods-Astro POCTests.a in Frameworks */,
			);
			runOnlyForDeploymentPostprocessing = 0;
		};
		35562F271F7947E000BD50B4 /* Frameworks */ = {
			isa = PBXFrameworksBuildPhase;
			buildActionMask = 2147483647;
			files = (
				89AB7884D422B7BE622A3D15 /* libPods-Astro POCUITests.a in Frameworks */,
			);
			runOnlyForDeploymentPostprocessing = 0;
		};
/* End PBXFrameworksBuildPhase section */

/* Begin PBXGroup section */
		3550BE591F79610C00CEC872 /* Storage */ = {
			isa = PBXGroup;
			children = (
				3550BE5B1F79614A00CEC872 /* ChannelListStorage.h */,
				3550BE5A1F79614A00CEC872 /* ChannelListStorage.m */,
				3550BE5C1F79614A00CEC872 /* IChannelListStorage.h */,
			);
			path = Storage;
			sourceTree = "<group>";
		};
		3550BE5D1F796A2100CEC872 /* GetChannelList */ = {
			isa = PBXGroup;
			children = (
				3550BE5E1F796A4A00CEC872 /* GetChannelListService.h */,
				3550BE5F1F796A4A00CEC872 /* GetChannelListService.m */,
				3550BE601F796A4A00CEC872 /* IGetChannelListService.h */,
			);
			path = GetChannelList;
			sourceTree = "<group>";
		};
		3550BEAD1F7AC9C000CEC872 /* Data Parsers */ = {
			isa = PBXGroup;
			children = (
				3550BEAE1F7AC9D700CEC872 /* IDataParser.h */,
				3550BEAF1F7ACA0600CEC872 /* ChannelListParser.h */,
				3550BEB01F7ACA0600CEC872 /* ChannelListParser.m */,
			);
			path = "Data Parsers";
			sourceTree = "<group>";
		};
		3550BEB21F7ACA4900CEC872 /* Data Models */ = {
			isa = PBXGroup;
			children = (
				3550BEB31F7ACA5700CEC872 /* ChannelList.h */,
				3550BEB41F7ACA5700CEC872 /* ChannelList.m */,
			);
			path = "Data Models";
			sourceTree = "<group>";
		};
		35562EFE1F7947E000BD50B4 = {
			isa = PBXGroup;
			children = (
				35562F091F7947E000BD50B4 /* Astro POC */,
				35562F221F7947E000BD50B4 /* Astro POCTests */,
				35562F2D1F7947E000BD50B4 /* Astro POCUITests */,
				35562F081F7947E000BD50B4 /* Products */,
				5E2DF8492BD2E8A935CD0A71 /* Pods */,
				52158693226CA08520EA26C8 /* Frameworks */,
			);
			sourceTree = "<group>";
		};
		35562F081F7947E000BD50B4 /* Products */ = {
			isa = PBXGroup;
			children = (
				35562F071F7947E000BD50B4 /* Astro POC.app */,
				35562F1F1F7947E000BD50B4 /* Astro POCTests.xctest */,
				35562F2A1F7947E000BD50B4 /* Astro POCUITests.xctest */,
			);
			name = Products;
			sourceTree = "<group>";
		};
		35562F091F7947E000BD50B4 /* Astro POC */ = {
			isa = PBXGroup;
			children = (
				3550BEB21F7ACA4900CEC872 /* Data Models */,
				3550BEAD1F7AC9C000CEC872 /* Data Parsers */,
				3550BE591F79610C00CEC872 /* Storage */,
				35562F611F79494400BD50B4 /* Utilities */,
				35562F4F1F79490900BD50B4 /* Services */,
				35562F3C1F79485800BD50B4 /* Assemblies */,
				35562F881F794CD500BD50B4 /* ViewControllers */,
				35562F101F7947E000BD50B4 /* Main.storyboard */,
				35562F131F7947E000BD50B4 /* Assets.xcassets */,
				35562F151F7947E000BD50B4 /* LaunchScreen.storyboard */,
				35562F181F7947E000BD50B4 /* Info.plist */,
				35562F191F7947E000BD50B4 /* main.m */,
			);
			path = "Astro POC";
			sourceTree = "<group>";
		};
		35562F221F7947E000BD50B4 /* Astro POCTests */ = {
			isa = PBXGroup;
			children = (
				35562F231F7947E000BD50B4 /* Astro_POCTests.m */,
				35562F251F7947E000BD50B4 /* Info.plist */,
			);
			path = "Astro POCTests";
			sourceTree = "<group>";
		};
		35562F2D1F7947E000BD50B4 /* Astro POCUITests */ = {
			isa = PBXGroup;
			children = (
				35562F2E1F7947E000BD50B4 /* Astro_POCUITests.m */,
				35562F301F7947E000BD50B4 /* Info.plist */,
			);
			path = "Astro POCUITests";
			sourceTree = "<group>";
		};
		35562F3C1F79485800BD50B4 /* Assemblies */ = {
			isa = PBXGroup;
			children = (
				35562F3F1F79487500BD50B4 /* Application.h */,
				35562F421F79487500BD50B4 /* Application.m */,
				35562F441F79487500BD50B4 /* Connector.h */,
				35562F491F79487600BD50B4 /* Connector.m */,
				35562F401F79487500BD50B4 /* DataParsers.h */,
				35562F471F79487600BD50B4 /* DataParsers.m */,
				35562F431F79487500BD50B4 /* IAPIConnectorProvider.h */,
				35562F481F79487600BD50B4 /* IRealmProvider.h */,
				35562F451F79487600BD50B4 /* Persistence.h */,
				35562F461F79487600BD50B4 /* Persistence.m */,
				35562F411F79487500BD50B4 /* Presentation.h */,
				35562F3E1F79487500BD50B4 /* Presentation.m */,
				35562F4A1F79487600BD50B4 /* Services.h */,
				35562F3D1F79487500BD50B4 /* Services.m */,
			);
			path = Assemblies;
			sourceTree = "<group>";
		};
		35562F4F1F79490900BD50B4 /* Services */ = {
			isa = PBXGroup;
			children = (
				3550BE5D1F796A2100CEC872 /* GetChannelList */,
				35562F541F79490900BD50B4 /* APIConnector */,
				35562F581F79490900BD50B4 /* Configurations */,
				35562F5E1F79490900BD50B4 /* Status Codes */,
			);
			path = Services;
			sourceTree = "<group>";
		};
		35562F541F79490900BD50B4 /* APIConnector */ = {
			isa = PBXGroup;
			children = (
				35562F551F79490900BD50B4 /* APIConnector.h */,
				35562F561F79490900BD50B4 /* APIConnector.m */,
				35562F571F79490900BD50B4 /* IAPIConnector.h */,
			);
			path = APIConnector;
			sourceTree = "<group>";
		};
		35562F581F79490900BD50B4 /* Configurations */ = {
			isa = PBXGroup;
			children = (
				35562F591F79490900BD50B4 /* Configurations.plist */,
			);
			path = Configurations;
			sourceTree = "<group>";
		};
		35562F5E1F79490900BD50B4 /* Status Codes */ = {
			isa = PBXGroup;
			children = (
				35562F5F1F79490900BD50B4 /* StatusCodes.h */,
				35562F601F79490900BD50B4 /* StatusCodes.m */,
			);
			path = "Status Codes";
			sourceTree = "<group>";
		};
		35562F611F79494400BD50B4 /* Utilities */ = {
			isa = PBXGroup;
			children = (
				35562F621F79494400BD50B4 /* AlertHelper.h */,
				35562F631F79494400BD50B4 /* AlertHelper.m */,
				35562F641F79494400BD50B4 /* BaseURL.h */,
				35562F651F79494400BD50B4 /* BaseURL.m */,
				35562F661F79494400BD50B4 /* CommonDateUtils.h */,
				35562F671F79494400BD50B4 /* CommonDateUtils.m */,
				35562F681F79494400BD50B4 /* CommonNumberUtil.h */,
				35562F691F79494400BD50B4 /* CommonNumberUtil.m */,
				35562F6A1F79494400BD50B4 /* DateUtils.h */,
				35562F6B1F79494400BD50B4 /* DateUtils.m */,
				35562F6E1F79494400BD50B4 /* ErrorHelper.h */,
				35562F6F1F79494400BD50B4 /* ErrorHelper.m */,
				35562F721F79494400BD50B4 /* JSONParser.h */,
				35562F731F79494400BD50B4 /* JSONParser.m */,
				35562F741F79494400BD50B4 /* NSData+Base64.h */,
				35562F751F79494400BD50B4 /* NSData+Base64.m */,
				35562F761F79494400BD50B4 /* PlaceHolderTextField.h */,
				35562F771F79494400BD50B4 /* PlaceHolderTextField.m */,
			);
			path = Utilities;
			sourceTree = "<group>";
		};
		35562F881F794CD500BD50B4 /* ViewControllers */ = {
			isa = PBXGroup;
			children = (
				35562F8A1F794D1100BD50B4 /* Home */,
				35562F891F794D0800BD50B4 /* AppDelegate */,
			);
			path = ViewControllers;
			sourceTree = "<group>";
		};
		35562F891F794D0800BD50B4 /* AppDelegate */ = {
			isa = PBXGroup;
			children = (
				35562F0A1F7947E000BD50B4 /* AppDelegate.h */,
				35562F0B1F7947E000BD50B4 /* AppDelegate.m */,
			);
			path = AppDelegate;
			sourceTree = "<group>";
		};
		35562F8A1F794D1100BD50B4 /* Home */ = {
			isa = PBXGroup;
			children = (
				35562F8B1F794D4F00BD50B4 /* HomeViewController.h */,
				35562F8C1F794D4F00BD50B4 /* HomeViewController.m */,
				3550BEAA1F7AB9C700CEC872 /* ChannelTableViewCell.h */,
				3550BEAB1F7AB9C700CEC872 /* ChannelTableViewCell.m */,
			);
			path = Home;
			sourceTree = "<group>";
		};
		52158693226CA08520EA26C8 /* Frameworks */ = {
			isa = PBXGroup;
			children = (
				B4A38324CE187482CE9E3CAC /* libPods-Astro POC.a */,
				BC7F224C54C088D3DB347FCF /* libPods-Astro POCTests.a */,
				0A6EA8B983835EAAC0C36F0B /* libPods-Astro POCUITests.a */,
			);
			name = Frameworks;
			sourceTree = "<group>";
		};
		5E2DF8492BD2E8A935CD0A71 /* Pods */ = {
			isa = PBXGroup;
			children = (
				C4FDD74BCAA5D51184773F67 /* Pods-Astro POC.debug.xcconfig */,
				939B44DE8AC5B616482DFF81 /* Pods-Astro POC.release.xcconfig */,
				63D4281391A2875AEC6A5865 /* Pods-Astro POCTests.debug.xcconfig */,
				0943D634BC7386CF797CE809 /* Pods-Astro POCTests.release.xcconfig */,
				D60C553BD9C3BB22C2578DD3 /* Pods-Astro POCUITests.debug.xcconfig */,
				2B324F20A8B9C66AA784AFFF /* Pods-Astro POCUITests.release.xcconfig */,
			);
			name = Pods;
			sourceTree = "<group>";
		};
/* End PBXGroup section */

/* Begin PBXNativeTarget section */
		35562F061F7947E000BD50B4 /* Astro POC */ = {
			isa = PBXNativeTarget;
			buildConfigurationList = 35562F331F7947E000BD50B4 /* Build configuration list for PBXNativeTarget "Astro POC" */;
			buildPhases = (
				97B8E8D0BFF3FEB61E62055B /* [CP] Check Pods Manifest.lock */,
				35562F031F7947E000BD50B4 /* Sources */,
				35562F041F7947E000BD50B4 /* Frameworks */,
				35562F051F7947E000BD50B4 /* Resources */,
				DD7F3F107859956B56EB2149 /* [CP] Embed Pods Frameworks */,
				B7124B4162692A62E13E38E1 /* [CP] Copy Pods Resources */,
			);
			buildRules = (
			);
			dependencies = (
			);
			name = "Astro POC";
			productName = "Astro POC";
			productReference = 35562F071F7947E000BD50B4 /* Astro POC.app */;
			productType = "com.apple.product-type.application";
		};
		35562F1E1F7947E000BD50B4 /* Astro POCTests */ = {
			isa = PBXNativeTarget;
			buildConfigurationList = 35562F361F7947E000BD50B4 /* Build configuration list for PBXNativeTarget "Astro POCTests" */;
			buildPhases = (
				74CE6E0FB00C6DE0EE6F2858 /* [CP] Check Pods Manifest.lock */,
				35562F1B1F7947E000BD50B4 /* Sources */,
				35562F1C1F7947E000BD50B4 /* Frameworks */,
				35562F1D1F7947E000BD50B4 /* Resources */,
				3854C2AFC2518E0889A6CBE1 /* [CP] Embed Pods Frameworks */,
				1A188FDA4B7265F9ECC3B5F3 /* [CP] Copy Pods Resources */,
			);
			buildRules = (
			);
			dependencies = (
				35562F211F7947E000BD50B4 /* PBXTargetDependency */,
			);
			name = "Astro POCTests";
			productName = "Astro POCTests";
			productReference = 35562F1F1F7947E000BD50B4 /* Astro POCTests.xctest */;
			productType = "com.apple.product-type.bundle.unit-test";
		};
		35562F291F7947E000BD50B4 /* Astro POCUITests */ = {
			isa = PBXNativeTarget;
			buildConfigurationList = 35562F391F7947E000BD50B4 /* Build configuration list for PBXNativeTarget "Astro POCUITests" */;
			buildPhases = (
				3E39271BCF298EBE1E925B80 /* [CP] Check Pods Manifest.lock */,
				35562F261F7947E000BD50B4 /* Sources */,
				35562F271F7947E000BD50B4 /* Frameworks */,
				35562F281F7947E000BD50B4 /* Resources */,
				E7CA9E574B30755B520D4553 /* [CP] Embed Pods Frameworks */,
				47B808827A5F3E4E13424033 /* [CP] Copy Pods Resources */,
			);
			buildRules = (
			);
			dependencies = (
				35562F2C1F7947E000BD50B4 /* PBXTargetDependency */,
			);
			name = "Astro POCUITests";
			productName = "Astro POCUITests";
			productReference = 35562F2A1F7947E000BD50B4 /* Astro POCUITests.xctest */;
			productType = "com.apple.product-type.bundle.ui-testing";
		};
/* End PBXNativeTarget section */

/* Begin PBXProject section */
		35562EFF1F7947E000BD50B4 /* Project object */ = {
			isa = PBXProject;
			attributes = {
				LastUpgradeCheck = 0900;
				ORGANIZATIONNAME = "yalamanda inaganti";
				TargetAttributes = {
					35562F061F7947E000BD50B4 = {
						CreatedOnToolsVersion = 9.0;
						ProvisioningStyle = Automatic;
					};
					35562F1E1F7947E000BD50B4 = {
						CreatedOnToolsVersion = 9.0;
						ProvisioningStyle = Automatic;
						TestTargetID = 35562F061F7947E000BD50B4;
					};
					35562F291F7947E000BD50B4 = {
						CreatedOnToolsVersion = 9.0;
						ProvisioningStyle = Automatic;
						TestTargetID = 35562F061F7947E000BD50B4;
					};
				};
			};
			buildConfigurationList = 35562F021F7947E000BD50B4 /* Build configuration list for PBXProject "Astro POC" */;
			compatibilityVersion = "Xcode 8.0";
			developmentRegion = en;
			hasScannedForEncodings = 0;
			knownRegions = (
				en,
				Base,
			);
			mainGroup = 35562EFE1F7947E000BD50B4;
			productRefGroup = 35562F081F7947E000BD50B4 /* Products */;
			projectDirPath = "";
			projectRoot = "";
			targets = (
				35562F061F7947E000BD50B4 /* Astro POC */,
				35562F1E1F7947E000BD50B4 /* Astro POCTests */,
				35562F291F7947E000BD50B4 /* Astro POCUITests */,
			);
		};
/* End PBXProject section */

/* Begin PBXResourcesBuildPhase section */
		35562F051F7947E000BD50B4 /* Resources */ = {
			isa = PBXResourcesBuildPhase;
			buildActionMask = 2147483647;
			files = (
				35562F171F7947E000BD50B4 /* LaunchScreen.storyboard in Resources */,
				3550BE9B1F7AAFDA00CEC872 /* Configurations.plist in Resources */,
				35562F141F7947E000BD50B4 /* Assets.xcassets in Resources */,
				35562F121F7947E000BD50B4 /* Main.storyboard in Resources */,
			);
			runOnlyForDeploymentPostprocessing = 0;
		};
		35562F1D1F7947E000BD50B4 /* Resources */ = {
			isa = PBXResourcesBuildPhase;
			buildActionMask = 2147483647;
			files = (
			);
			runOnlyForDeploymentPostprocessing = 0;
		};
		35562F281F7947E000BD50B4 /* Resources */ = {
			isa = PBXResourcesBuildPhase;
			buildActionMask = 2147483647;
			files = (
			);
			runOnlyForDeploymentPostprocessing = 0;
		};
/* End PBXResourcesBuildPhase section */

/* Begin PBXShellScriptBuildPhase section */
		1A188FDA4B7265F9ECC3B5F3 /* [CP] Copy Pods Resources */ = {
			isa = PBXShellScriptBuildPhase;
			buildActionMask = 2147483647;
			files = (
			);
			inputPaths = (
			);
			name = "[CP] Copy Pods Resources";
			outputPaths = (
			);
			runOnlyForDeploymentPostprocessing = 0;
			shellPath = /bin/sh;
			shellScript = "\"${SRCROOT}/Pods/Target Support Files/Pods-Astro POCTests/Pods-Astro POCTests-resources.sh\"\n";
			showEnvVarsInLog = 0;
		};
		3854C2AFC2518E0889A6CBE1 /* [CP] Embed Pods Frameworks */ = {
			isa = PBXShellScriptBuildPhase;
			buildActionMask = 2147483647;
			files = (
			);
			inputPaths = (
			);
			name = "[CP] Embed Pods Frameworks";
			outputPaths = (
			);
			runOnlyForDeploymentPostprocessing = 0;
			shellPath = /bin/sh;
			shellScript = "\"${SRCROOT}/Pods/Target Support Files/Pods-Astro POCTests/Pods-Astro POCTests-frameworks.sh\"\n";
			showEnvVarsInLog = 0;
		};
		3E39271BCF298EBE1E925B80 /* [CP] Check Pods Manifest.lock */ = {
			isa = PBXShellScriptBuildPhase;
			buildActionMask = 2147483647;
			files = (
			);
			inputPaths = (
			);
			name = "[CP] Check Pods Manifest.lock";
			outputPaths = (
			);
			runOnlyForDeploymentPostprocessing = 0;
			shellPath = /bin/sh;
			shellScript = "diff \"${PODS_PODFILE_DIR_PATH}/Podfile.lock\" \"${PODS_ROOT}/Manifest.lock\" > /dev/null\nif [ $? != 0 ] ; then\n    # print error to STDERR\n    echo \"error: The sandbox is not in sync with the Podfile.lock. Run 'pod install' or update your CocoaPods installation.\" >&2\n    exit 1\nfi\n";
			showEnvVarsInLog = 0;
		};
		47B808827A5F3E4E13424033 /* [CP] Copy Pods Resources */ = {
			isa = PBXShellScriptBuildPhase;
			buildActionMask = 2147483647;
			files = (
			);
			inputPaths = (
			);
			name = "[CP] Copy Pods Resources";
			outputPaths = (
			);
			runOnlyForDeploymentPostprocessing = 0;
			shellPath = /bin/sh;
			shellScript = "\"${SRCROOT}/Pods/Target Support Files/Pods-Astro POCUITests/Pods-Astro POCUITests-resources.sh\"\n";
			showEnvVarsInLog = 0;
		};
		74CE6E0FB00C6DE0EE6F2858 /* [CP] Check Pods Manifest.lock */ = {
			isa = PBXShellScriptBuildPhase;
			buildActionMask = 2147483647;
			files = (
			);
			inputPaths = (
			);
			name = "[CP] Check Pods Manifest.lock";
			outputPaths = (
			);
			runOnlyForDeploymentPostprocessing = 0;
			shellPath = /bin/sh;
			shellScript = "diff \"${PODS_PODFILE_DIR_PATH}/Podfile.lock\" \"${PODS_ROOT}/Manifest.lock\" > /dev/null\nif [ $? != 0 ] ; then\n    # print error to STDERR\n    echo \"error: The sandbox is not in sync with the Podfile.lock. Run 'pod install' or update your CocoaPods installation.\" >&2\n    exit 1\nfi\n";
			showEnvVarsInLog = 0;
		};
		97B8E8D0BFF3FEB61E62055B /* [CP] Check Pods Manifest.lock */ = {
			isa = PBXShellScriptBuildPhase;
			buildActionMask = 2147483647;
			files = (
			);
			inputPaths = (
			);
			name = "[CP] Check Pods Manifest.lock";
			outputPaths = (
			);
			runOnlyForDeploymentPostprocessing = 0;
			shellPath = /bin/sh;
			shellScript = "diff \"${PODS_PODFILE_DIR_PATH}/Podfile.lock\" \"${PODS_ROOT}/Manifest.lock\" > /dev/null\nif [ $? != 0 ] ; then\n    # print error to STDERR\n    echo \"error: The sandbox is not in sync with the Podfile.lock. Run 'pod install' or update your CocoaPods installation.\" >&2\n    exit 1\nfi\n";
			showEnvVarsInLog = 0;
		};
		B7124B4162692A62E13E38E1 /* [CP] Copy Pods Resources */ = {
			isa = PBXShellScriptBuildPhase;
			buildActionMask = 2147483647;
			files = (
			);
			inputPaths = (
			);
			name = "[CP] Copy Pods Resources";
			outputPaths = (
			);
			runOnlyForDeploymentPostprocessing = 0;
			shellPath = /bin/sh;
			shellScript = "\"${SRCROOT}/Pods/Target Support Files/Pods-Astro POC/Pods-Astro POC-resources.sh\"\n";
			showEnvVarsInLog = 0;
		};
		DD7F3F107859956B56EB2149 /* [CP] Embed Pods Frameworks */ = {
			isa = PBXShellScriptBuildPhase;
			buildActionMask = 2147483647;
			files = (
			);
			inputPaths = (
			);
			name = "[CP] Embed Pods Frameworks";
			outputPaths = (
			);
			runOnlyForDeploymentPostprocessing = 0;
			shellPath = /bin/sh;
			shellScript = "\"${SRCROOT}/Pods/Target Support Files/Pods-Astro POC/Pods-Astro POC-frameworks.sh\"\n";
			showEnvVarsInLog = 0;
		};
		E7CA9E574B30755B520D4553 /* [CP] Embed Pods Frameworks */ = {
			isa = PBXShellScriptBuildPhase;
			buildActionMask = 2147483647;
			files = (
			);
			inputPaths = (
			);
			name = "[CP] Embed Pods Frameworks";
			outputPaths = (
			);
			runOnlyForDeploymentPostprocessing = 0;
			shellPath = /bin/sh;
			shellScript = "\"${SRCROOT}/Pods/Target Support Files/Pods-Astro POCUITests/Pods-Astro POCUITests-frameworks.sh\"\n";
			showEnvVarsInLog = 0;
		};
/* End PBXShellScriptBuildPhase section */

/* Begin PBXSourcesBuildPhase section */
		35562F031F7947E000BD50B4 /* Sources */ = {
			isa = PBXSourcesBuildPhase;
			buildActionMask = 2147483647;
			files = (
				3550BE9E1F7AAFF100CEC872 /* BaseURL.m in Sources */,
				3550BE991F7AAF7500CEC872 /* APIConnector.m in Sources */,
				3550BE931F7AAF5E00CEC872 /* Application.m in Sources */,
				3550BEA61F7AB01000CEC872 /* NSData+Base64.m in Sources */,
				3550BEA71F7AB01300CEC872 /* PlaceHolderTextField.m in Sources */,
				3550BEAC1F7AB9C700CEC872 /* ChannelTableViewCell.m in Sources */,
				3550BE9F1F7AAFF800CEC872 /* CommonDateUtils.m in Sources */,
				3550BE9C1F7AAFE200CEC872 /* StatusCodes.m in Sources */,
				3550BEB11F7ACA0600CEC872 /* ChannelListParser.m in Sources */,
				3550BEA31F7AB00600CEC872 /* ErrorHelper.m in Sources */,
				3550BEB51F7ACA5700CEC872 /* ChannelList.m in Sources */,
				3550BE9D1F7AAFEE00CEC872 /* AlertHelper.m in Sources */,
				3550BE941F7AAF6100CEC872 /* Connector.m in Sources */,
				3550BEA11F7AAFFF00CEC872 /* DateUtils.m in Sources */,
				3550BE951F7AAF6400CEC872 /* DataParsers.m in Sources */,
				3550BE961F7AAF6800CEC872 /* Persistence.m in Sources */,
				35562F1A1F7947E000BD50B4 /* main.m in Sources */,
				3550BE971F7AAF6A00CEC872 /* Presentation.m in Sources */,
				3550BEA91F7AB01B00CEC872 /* ChannelListStorage.m in Sources */,
				3550BEA51F7AB00C00CEC872 /* JSONParser.m in Sources */,
				35562F0C1F7947E000BD50B4 /* AppDelegate.m in Sources */,
				35562F8D1F794D4F00BD50B4 /* HomeViewController.m in Sources */,
				3550BEA01F7AAFFB00CEC872 /* CommonNumberUtil.m in Sources */,
				3550BE9A1F7AAF7B00CEC872 /* GetChannelListService.m in Sources */,
				3550BE981F7AAF6E00CEC872 /* Services.m in Sources */,
			);
			runOnlyForDeploymentPostprocessing = 0;
		};
		35562F1B1F7947E000BD50B4 /* Sources */ = {
			isa = PBXSourcesBuildPhase;
			buildActionMask = 2147483647;
			files = (
				35562F241F7947E000BD50B4 /* Astro_POCTests.m in Sources */,
			);
			runOnlyForDeploymentPostprocessing = 0;
		};
		35562F261F7947E000BD50B4 /* Sources */ = {
			isa = PBXSourcesBuildPhase;
			buildActionMask = 2147483647;
			files = (
				35562F2F1F7947E000BD50B4 /* Astro_POCUITests.m in Sources */,
			);
			runOnlyForDeploymentPostprocessing = 0;
		};
/* End PBXSourcesBuildPhase section */

/* Begin PBXTargetDependency section */
		35562F211F7947E000BD50B4 /* PBXTargetDependency */ = {
			isa = PBXTargetDependency;
			target = 35562F061F7947E000BD50B4 /* Astro POC */;
			targetProxy = 35562F201F7947E000BD50B4 /* PBXContainerItemProxy */;
		};
		35562F2C1F7947E000BD50B4 /* PBXTargetDependency */ = {
			isa = PBXTargetDependency;
			target = 35562F061F7947E000BD50B4 /* Astro POC */;
			targetProxy = 35562F2B1F7947E000BD50B4 /* PBXContainerItemProxy */;
		};
/* End PBXTargetDependency section */

/* Begin PBXVariantGroup section */
		35562F101F7947E000BD50B4 /* Main.storyboard */ = {
			isa = PBXVariantGroup;
			children = (
				35562F111F7947E000BD50B4 /* Base */,
			);
			name = Main.storyboard;
			sourceTree = "<group>";
		};
		35562F151F7947E000BD50B4 /* LaunchScreen.storyboard */ = {
			isa = PBXVariantGroup;
			children = (
				35562F161F7947E000BD50B4 /* Base */,
			);
			name = LaunchScreen.storyboard;
			sourceTree = "<group>";
		};
/* End PBXVariantGroup section */

/* Begin XCBuildConfiguration section */
		35562F311F7947E000BD50B4 /* Debug */ = {
			isa = XCBuildConfiguration;
			buildSettings = {
				ALWAYS_SEARCH_USER_PATHS = NO;
				CLANG_ANALYZER_NONNULL = YES;
				CLANG_ANALYZER_NUMBER_OBJECT_CONVERSION = YES_AGGRESSIVE;
				CLANG_CXX_LANGUAGE_STANDARD = "gnu++14";
				CLANG_CXX_LIBRARY = "libc++";
				CLANG_ENABLE_MODULES = YES;
				CLANG_ENABLE_OBJC_ARC = YES;
				CLANG_WARN_BLOCK_CAPTURE_AUTORELEASING = YES;
				CLANG_WARN_BOOL_CONVERSION = YES;
				CLANG_WARN_COMMA = YES;
				CLANG_WARN_CONSTANT_CONVERSION = YES;
				CLANG_WARN_DIRECT_OBJC_ISA_USAGE = YES_ERROR;
				CLANG_WARN_DOCUMENTATION_COMMENTS = YES;
				CLANG_WARN_EMPTY_BODY = YES;
				CLANG_WARN_ENUM_CONVERSION = YES;
				CLANG_WARN_INFINITE_RECURSION = YES;
				CLANG_WARN_INT_CONVERSION = YES;
				CLANG_WARN_NON_LITERAL_NULL_CONVERSION = YES;
				CLANG_WARN_OBJC_LITERAL_CONVERSION = YES;
				CLANG_WARN_OBJC_ROOT_CLASS = YES_ERROR;
				CLANG_WARN_RANGE_LOOP_ANALYSIS = YES;
				CLANG_WARN_STRICT_PROTOTYPES = YES;
				CLANG_WARN_SUSPICIOUS_MOVE = YES;
				CLANG_WARN_UNGUARDED_AVAILABILITY = YES_AGGRESSIVE;
				CLANG_WARN_UNREACHABLE_CODE = YES;
				CLANG_WARN__DUPLICATE_METHOD_MATCH = YES;
				CODE_SIGN_IDENTITY = "iPhone Developer";
				COPY_PHASE_STRIP = NO;
				DEBUG_INFORMATION_FORMAT = dwarf;
				ENABLE_STRICT_OBJC_MSGSEND = YES;
				ENABLE_TESTABILITY = YES;
				GCC_C_LANGUAGE_STANDARD = gnu11;
				GCC_DYNAMIC_NO_PIC = NO;
				GCC_NO_COMMON_BLOCKS = YES;
				GCC_OPTIMIZATION_LEVEL = 0;
				GCC_PREPROCESSOR_DEFINITIONS = (
					"DEBUG=1",
					"$(inherited)",
				);
				GCC_WARN_64_TO_32_BIT_CONVERSION = YES;
				GCC_WARN_ABOUT_RETURN_TYPE = YES_ERROR;
				GCC_WARN_UNDECLARED_SELECTOR = YES;
				GCC_WARN_UNINITIALIZED_AUTOS = YES_AGGRESSIVE;
				GCC_WARN_UNUSED_FUNCTION = YES;
				GCC_WARN_UNUSED_VARIABLE = YES;
				IPHONEOS_DEPLOYMENT_TARGET = 11.0;
				MTL_ENABLE_DEBUG_INFO = YES;
				ONLY_ACTIVE_ARCH = YES;
				SDKROOT = iphoneos;
			};
			name = Debug;
		};
		35562F321F7947E000BD50B4 /* Release */ = {
			isa = XCBuildConfiguration;
			buildSettings = {
				ALWAYS_SEARCH_USER_PATHS = NO;
				CLANG_ANALYZER_NONNULL = YES;
				CLANG_ANALYZER_NUMBER_OBJECT_CONVERSION = YES_AGGRESSIVE;
				CLANG_CXX_LANGUAGE_STANDARD = "gnu++14";
				CLANG_CXX_LIBRARY = "libc++";
				CLANG_ENABLE_MODULES = YES;
				CLANG_ENABLE_OBJC_ARC = YES;
				CLANG_WARN_BLOCK_CAPTURE_AUTORELEASING = YES;
				CLANG_WARN_BOOL_CONVERSION = YES;
				CLANG_WARN_COMMA = YES;
				CLANG_WARN_CONSTANT_CONVERSION = YES;
				CLANG_WARN_DIRECT_OBJC_ISA_USAGE = YES_ERROR;
				CLANG_WARN_DOCUMENTATION_COMMENTS = YES;
				CLANG_WARN_EMPTY_BODY = YES;
				CLANG_WARN_ENUM_CONVERSION = YES;
				CLANG_WARN_INFINITE_RECURSION = YES;
				CLANG_WARN_INT_CONVERSION = YES;
				CLANG_WARN_NON_LITERAL_NULL_CONVERSION = YES;
				CLANG_WARN_OBJC_LITERAL_CONVERSION = YES;
				CLANG_WARN_OBJC_ROOT_CLASS = YES_ERROR;
				CLANG_WARN_RANGE_LOOP_ANALYSIS = YES;
				CLANG_WARN_STRICT_PROTOTYPES = YES;
				CLANG_WARN_SUSPICIOUS_MOVE = YES;
				CLANG_WARN_UNGUARDED_AVAILABILITY = YES_AGGRESSIVE;
				CLANG_WARN_UNREACHABLE_CODE = YES;
				CLANG_WARN__DUPLICATE_METHOD_MATCH = YES;
				CODE_SIGN_IDENTITY = "iPhone Developer";
				COPY_PHASE_STRIP = NO;
				DEBUG_INFORMATION_FORMAT = "dwarf-with-dsym";
				ENABLE_NS_ASSERTIONS = NO;
				ENABLE_STRICT_OBJC_MSGSEND = YES;
				GCC_C_LANGUAGE_STANDARD = gnu11;
				GCC_NO_COMMON_BLOCKS = YES;
				GCC_WARN_64_TO_32_BIT_CONVERSION = YES;
				GCC_WARN_ABOUT_RETURN_TYPE = YES_ERROR;
				GCC_WARN_UNDECLARED_SELECTOR = YES;
				GCC_WARN_UNINITIALIZED_AUTOS = YES_AGGRESSIVE;
				GCC_WARN_UNUSED_FUNCTION = YES;
				GCC_WARN_UNUSED_VARIABLE = YES;
				IPHONEOS_DEPLOYMENT_TARGET = 11.0;
				MTL_ENABLE_DEBUG_INFO = NO;
				SDKROOT = iphoneos;
				VALIDATE_PRODUCT = YES;
			};
			name = Release;
		};
		35562F341F7947E000BD50B4 /* Debug */ = {
			isa = XCBuildConfiguration;
			baseConfigurationReference = C4FDD74BCAA5D51184773F67 /* Pods-Astro POC.debug.xcconfig */;
			buildSettings = {
				ASSETCATALOG_COMPILER_APPICON_NAME = AppIcon;
				"CODE_SIGN_IDENTITY[sdk=iphoneos*]" = "iPhone Developer";
				CODE_SIGN_STYLE = Automatic;
				DEVELOPMENT_TEAM = "";
				INFOPLIST_FILE = "Astro POC/Info.plist";
				LD_RUNPATH_SEARCH_PATHS = "$(inherited) @executable_path/Frameworks";
				PRODUCT_BUNDLE_IDENTIFIER = "com.singapore.Astro-POC";
				PRODUCT_NAME = "$(TARGET_NAME)";
				PROVISIONING_PROFILE_SPECIFIER = "";
				TARGETED_DEVICE_FAMILY = "1,2";
			};
			name = Debug;
		};
		35562F351F7947E000BD50B4 /* Release */ = {
			isa = XCBuildConfiguration;
			baseConfigurationReference = 939B44DE8AC5B616482DFF81 /* Pods-Astro POC.release.xcconfig */;
			buildSettings = {
				ASSETCATALOG_COMPILER_APPICON_NAME = AppIcon;
				"CODE_SIGN_IDENTITY[sdk=iphoneos*]" = "iPhone Developer";
				CODE_SIGN_STYLE = Automatic;
				DEVELOPMENT_TEAM = "";
				INFOPLIST_FILE = "Astro POC/Info.plist";
				LD_RUNPATH_SEARCH_PATHS = "$(inherited) @executable_path/Frameworks";
				PRODUCT_BUNDLE_IDENTIFIER = "com.singapore.Astro-POC";
				PRODUCT_NAME = "$(TARGET_NAME)";
				PROVISIONING_PROFILE_SPECIFIER = "";
				TARGETED_DEVICE_FAMILY = "1,2";
			};
			name = Release;
		};
		35562F371F7947E000BD50B4 /* Debug */ = {
			isa = XCBuildConfiguration;
			baseConfigurationReference = 63D4281391A2875AEC6A5865 /* Pods-Astro POCTests.debug.xcconfig */;
			buildSettings = {
				BUNDLE_LOADER = "$(TEST_HOST)";
				CODE_SIGN_STYLE = Automatic;
				INFOPLIST_FILE = "Astro POCTests/Info.plist";
				LD_RUNPATH_SEARCH_PATHS = "$(inherited) @executable_path/Frameworks @loader_path/Frameworks";
				PRODUCT_BUNDLE_IDENTIFIER = "com.singapore.Astro-POCTests";
				PRODUCT_NAME = "$(TARGET_NAME)";
				TARGETED_DEVICE_FAMILY = "1,2";
				TEST_HOST = "$(BUILT_PRODUCTS_DIR)/Astro POC.app/Astro POC";
			};
			name = Debug;
		};
		35562F381F7947E000BD50B4 /* Release */ = {
			isa = XCBuildConfiguration;
			baseConfigurationReference = 0943D634BC7386CF797CE809 /* Pods-Astro POCTests.release.xcconfig */;
			buildSettings = {
				BUNDLE_LOADER = "$(TEST_HOST)";
				CODE_SIGN_STYLE = Automatic;
				INFOPLIST_FILE = "Astro POCTests/Info.plist";
				LD_RUNPATH_SEARCH_PATHS = "$(inherited) @executable_path/Frameworks @loader_path/Frameworks";
				PRODUCT_BUNDLE_IDENTIFIER = "com.singapore.Astro-POCTests";
				PRODUCT_NAME = "$(TARGET_NAME)";
				TARGETED_DEVICE_FAMILY = "1,2";
				TEST_HOST = "$(BUILT_PRODUCTS_DIR)/Astro POC.app/Astro POC";
			};
			name = Release;
		};
		35562F3A1F7947E000BD50B4 /* Debug */ = {
			isa = XCBuildConfiguration;
			baseConfigurationReference = D60C553BD9C3BB22C2578DD3 /* Pods-Astro POCUITests.debug.xcconfig */;
			buildSettings = {
				CODE_SIGN_STYLE = Automatic;
				INFOPLIST_FILE = "Astro POCUITests/Info.plist";
				LD_RUNPATH_SEARCH_PATHS = "$(inherited) @executable_path/Frameworks @loader_path/Frameworks";
				PRODUCT_BUNDLE_IDENTIFIER = "com.singapore.Astro-POCUITests";
				PRODUCT_NAME = "$(TARGET_NAME)";
				TARGETED_DEVICE_FAMILY = "1,2";
				TEST_TARGET_NAME = "Astro POC";
			};
			name = Debug;
		};
		35562F3B1F7947E000BD50B4 /* Release */ = {
			isa = XCBuildConfiguration;
			baseConfigurationReference = 2B324F20A8B9C66AA784AFFF /* Pods-Astro POCUITests.release.xcconfig */;
			buildSettings = {
				CODE_SIGN_STYLE = Automatic;
				INFOPLIST_FILE = "Astro POCUITests/Info.plist";
				LD_RUNPATH_SEARCH_PATHS = "$(inherited) @executable_path/Frameworks @loader_path/Frameworks";
				PRODUCT_BUNDLE_IDENTIFIER = "com.singapore.Astro-POCUITests";
				PRODUCT_NAME = "$(TARGET_NAME)";
				TARGETED_DEVICE_FAMILY = "1,2";
				TEST_TARGET_NAME = "Astro POC";
			};
			name = Release;
		};
/* End XCBuildConfiguration section */

/* Begin XCConfigurationList section */
		35562F021F7947E000BD50B4 /* Build configuration list for PBXProject "Astro POC" */ = {
			isa = XCConfigurationList;
			buildConfigurations = (
				35562F311F7947E000BD50B4 /* Debug */,
				35562F321F7947E000BD50B4 /* Release */,
			);
			defaultConfigurationIsVisible = 0;
			defaultConfigurationName = Release;
		};
		35562F331F7947E000BD50B4 /* Build configuration list for PBXNativeTarget "Astro POC" */ = {
			isa = XCConfigurationList;
			buildConfigurations = (
				35562F341F7947E000BD50B4 /* Debug */,
				35562F351F7947E000BD50B4 /* Release */,
			);
			defaultConfigurationIsVisible = 0;
			defaultConfigurationName = Release;
		};
		35562F361F7947E000BD50B4 /* Build configuration list for PBXNativeTarget "Astro POCTests" */ = {
			isa = XCConfigurationList;
			buildConfigurations = (
				35562F371F7947E000BD50B4 /* Debug */,
				35562F381F7947E000BD50B4 /* Release */,
			);
			defaultConfigurationIsVisible = 0;
			defaultConfigurationName = Release;
		};
		35562F391F7947E000BD50B4 /* Build configuration list for PBXNativeTarget "Astro POCUITests" */ = {
			isa = XCConfigurationList;
			buildConfigurations = (
				35562F3A1F7947E000BD50B4 /* Debug */,
				35562F3B1F7947E000BD50B4 /* Release */,
			);
			defaultConfigurationIsVisible = 0;
			defaultConfigurationName = Release;
		};
/* End XCConfigurationList section */
	};
	rootObject = 35562EFF1F7947E000BD50B4 /* Project object */;
}
